github.com/andybalholm/brotli v1.0.4 h1:V7DdXeJtZscaqfNuAdSRuRFzuiKlHSC/Zh3zl9qY3JY=
github.com/andybalholm/brotli v1.0.4/go.mod h1:fO7iG3H7G2nSZ7m0zPUDn85XEX2GTukHGRSepvi9Eig=
github.com/andybalholm/brotli v1.0.5 h1:8uQZIdzKmjc/iuPu7O2ioW48L81FgatrcpfFmiq/cCs=
github.com/andybalholm/brotli v1.0.5/go.mod h1:fO7iG3H7G2nSZ7m0zPUDn85XEX2GTukHGRSepvi9Eig=
github.com/gaukas/godicttls v0.0.3 h1:YNDIf0d9adcxOijiLrEzpfZGAkNwLRzPaG6OjU7EITk=
github.com/gaukas/godicttls v0.0.3/go.mod h1:l6EenT4TLWgTdwslVb4sEMOCf7Bv0JAK67deKr9/NCI=
github.com/google/brotli/go/cbrotli v0.0.0-20230201092028-ed1995b6bda1 h1:/76oDFNm/wnFc2OdTkk5EXymjifusL7obIsuC5KoZ3s=
github.com/google/brotli/go/cbrotli v0.0.0-20230201092028-ed1995b6bda1/go.mod h1:nOPhAkwVliJdNTkj3gXpljmWhjc4wCaVqbMJcPKWP4s=
github.com/klauspost/compress v1.13.6/go.mod h1:/3/Vjq9QcHkK5uEr5lBEmyoZ1iFhe47etQ6QUkpK6sk=
github.com/klauspost/compress v1.15.11 h1:Lcadnb3RKGin4FYM/orgq0qde+nc15E5Cbqg4B9Sx9c=
github.com/klauspost/compress v1.15.11/go.mod h1:QPwzmACJjUTFsnSHH934V6woptycfrDDJnH7hvFVbGM=
github.com/klauspost/compress v1.16.5 h1:IFV2oUNUzZaz+XyusxpLzpzS8Pt5rh0Z16For/djlyI=
github.com/klauspost/compress v1.16.5/go.mod h1:ntbaceVETuRiXiv4DpjP66DpAtAGkEQskQzEyD//IeE=
github.com/refraction-networking/utls v1.1.2 h1:a7GQauRt72VG+wtNm0lnrAaCGlyX47gEi1++dSsDBpw=
github.com/refraction-networking/utls v1.1.2/go.mod h1:+D89TUtA8+NKVFj1IXWr0p3tSdX1+SqUB7rL0QnGqyg=
github.com/refraction-networking/utls v1.3.2 h1:o+AkWB57mkcoW36ET7uJ002CpBWHu0KPxi6vzxvPnv8=
github.com/refraction-networking/utls v1.3.2/go.mod h1:fmoaOww2bxzzEpIKOebIsnBvjQpqP7L2vcm/9KUfm/E=
golang.org/x/crypto v0.0.0-20211108221036-ceb1ce70b4fa/go.mod h1:GvvjBRRGRdwPK5ydBHafDWAxML/pGHZbMvKqRZ5+Abc=
golang.org/x/crypto v0.0.0-20221005025214-4161e89ecf1b h1:huxqepDufQpLLIRXiVkTvnxrzJlpwmIWAObmcCcUFr0=
golang.org/x/crypto v0.0.0-20221005025214-4161e89ecf1b/go.mod h1:IxCIyHEi3zRg3s0A5j5BB6A9Jmi73HwBIUl50j+osU4=
golang.org/x/crypto v0.9.0 h1:LF6fAI+IutBocDJ2OT0Q1g8plpYljMZ4+lty+dsqw3g=
golang.org/x/crypto v0.9.0/go.mod h1:yrmDGqONDYtNj3tH8X9dzUun2m2lzPa9ngI6/RUPGR0=
golang.org/x/net v0.0.0-20210226172049-e18ecbb05110/go.mod h1:m0MpNAwzfU5UDzcl9v0D8zg8gWTRqZa9RBIspLL5mdg=
golang.org/x/net v0.0.0-20211111160137-58aab5ef257a/go.mod h1:9nx3DQGgdP8bBQD5qxJ1jj9UTztislL4KSBs9R2vV5Y=
golang.org/x/net v0.10.0 h1:X2//UzNDwYmtCLn7To6G58Wr6f5ahEAQgKNzv9Y951M=
golang.org/x/net v0.10.0/go.mod h1:0qNGK6F8kojg2nk9dLZ2mShWaEBan6FAoqfSigmmuDg=
golang.org/x/sys v0.0.0-20201119102817-f84b799fce68/go.mod h1:h1NjWce9XRLGQEsW7wpKNCjG9DtNlClVuFLEZdDNbEs=
golang.org/x/sys v0.0.0-20210423082822-04245dca01da/go.mod h1:h1NjWce9XRLGQEsW7wpKNCjG9DtNlClVuFLEZdDNbEs=
golang.org/x/sys v0.0.0-20210615035016-665e8c7367d1/go.mod h1:oPkhp1MJrh7nUepCBck5+mAzfO9JrbApNNgaTdGDITg=
golang.org/x/sys v0.8.0 h1:EBmGv8NaZBZTWvrbjNoL6HVt+IVy3QDQpJs7VRIw3tU=
golang.org/x/sys v0.8.0/go.mod h1:oPkhp1MJrh7nUepCBck5+mAzfO9JrbApNNgaTdGDITg=
golang.org/x/term v0.0.0-20201126162022-7de9c90e9dd1/go.mod h1:bj7SfCRtBDWHUb9snDiAeCFNEtKQo2Wmx5Cou7ajbmo=
golang.org/x/text v0.3.3/go.mod h1:5Zoc/QRtKVWzQhOtBMvqHzDpF6irO9z98xDceosuGiQ=
golang.org/x/text v0.3.6/go.mod h1:5Zoc/QRtKVWzQhOtBMvqHzDpF6irO9z98xDceosuGiQ=
golang.org/x/text v0.9.0 h1:2sjJmO8cDvYveuX97RDLsxlyUxLl+GHoLxBiRdHllBE=
golang.org/x/text v0.9.0/go.mod h1:e1OnstbJyHTd6l/uOt8jFFHp6TRDWZR/bV3emEE/zU8=
golang.org/x/tools v0.0.0-20180917221912-90fa682c2a6e/go.mod h1:n7NCudcB/nEzxVGmLbDWY5pfWTLqBcC2KZ6jyYvM4mQ=
